
Microsoft Visual Studio Solution File, Format Version 12.00
# Visual Studio Version 17
VisualStudioVersion = 17.4.33213.308
MinimumVisualStudioVersion = 10.0.40219.1
Project("{FAE04EC0-301F-11D3-BF4B-00C04F79EFBC}") = "CF_Game_Center", "CF_Game_Center\CF_Game_Center.csproj", "{9CE23378-53BE-4A07-A1B6-E5CC9E46A4F1}"
EndProject
Global
	GlobalSection(SolutionConfigurationPlatforms) = preSolution
		Debug|Any CPU = Debug|Any CPU
		Release|Any CPU = Release|Any CPU
	EndGlobalSection
	GlobalSection(ProjectConfigurationPlatforms) = postSolution
		{9CE23378-53BE-4A07-A1B6-E5CC9E46A4F1}.Debug|Any CPU.ActiveCfg = Debug|Any CPU
		{9CE23378-53BE-4A07-A1B6-E5CC9E46A4F1}.Debug|Any CPU.Build.0 = Debug|Any CPU
		{9CE23378-53BE-4A07-A1B6-E5CC9E46A4F1}.Release|Any CPU.ActiveCfg = Release|Any CPU
		{9CE23378-53BE-4A07-A1B6-E5CC9E46A4F1}.Release|Any CPU.Build.0 = Release|Any CPU
	EndGlobalSection
	GlobalSection(SolutionProperties) = preSolution
		HideSolutionNode = FALSE
	EndGlobalSection
	GlobalSection(ExtensibilityGlobals) = postSolution
		SolutionGuid = {E8602BF0-CB7B-4716-91FB-D55BFC08CA89}
	EndGlobalSection
EndGlobal
